
Microsoft Visual Studio Solution File, Format Version 12.00
# Visual Studio Version 17
VisualStudioVersion = 17.14.36429.23
MinimumVisualStudioVersion = 10.0.40219.1
Project("{FAE04EC0-301F-11D3-BF4B-00C04F79EFBC}") = "FirstApp", "FirstApp\FirstApp.csproj", "{19C1812E-643D-4A80-99C7-75B4DF30891C}"
EndProject
Project("{FAE04EC0-301F-11D3-BF4B-00C04F79EFBC}") = "SecondApp", "SecondApp\SecondApp.csproj", "{23077B49-CDD3-41C1-945B-9E1CCD196547}"
EndProject
Project("{FAE04EC0-301F-11D3-BF4B-00C04F79EFBC}") = "ArraysAndCollections", "ArraysAndCollections\ArraysAndCollections.csproj", "{746B7720-DF70-4CA2-8043-2659AB4691F2}"
EndProject
Project("{FAE04EC0-301F-11D3-BF4B-00C04F79EFBC}") = "ControlStructures", "ControlStructures\ControlStructures.csproj", "{105B1A74-A23C-4C30-9D34-F54BA608BEA3}"
EndProject
Project("{FAE04EC0-301F-11D3-BF4B-00C04F79EFBC}") = "AccessModifiers", "AccessModifiers\AccessModifiers.csproj", "{BDEC917A-F52B-4969-9E5D-6C92FF57181C}"
EndProject
Project("{FAE04EC0-301F-11D3-BF4B-00C04F79EFBC}") = "MethodsAndClasses", "MethodsAndClasses\MethodsAndClasses.csproj", "{8EA070B3-0F39-427D-B78F-000D8158BEC8}"
EndProject
Project("{FAE04EC0-301F-11D3-BF4B-00C04F79EFBC}") = "Properties", "Properties\Properties.csproj", "{8C844117-0FBA-43DB-91FA-CE6E1B18D398}"
EndProject
Global
	GlobalSection(SolutionConfigurationPlatforms) = preSolution
		Debug|Any CPU = Debug|Any CPU
		Release|Any CPU = Release|Any CPU
	EndGlobalSection
	GlobalSection(ProjectConfigurationPlatforms) = postSolution
		{19C1812E-643D-4A80-99C7-75B4DF30891C}.Debug|Any CPU.ActiveCfg = Debug|Any CPU
		{19C1812E-643D-4A80-99C7-75B4DF30891C}.Debug|Any CPU.Build.0 = Debug|Any CPU
		{19C1812E-643D-4A80-99C7-75B4DF30891C}.Release|Any CPU.ActiveCfg = Release|Any CPU
		{19C1812E-643D-4A80-99C7-75B4DF30891C}.Release|Any CPU.Build.0 = Release|Any CPU
		{23077B49-CDD3-41C1-945B-9E1CCD196547}.Debug|Any CPU.ActiveCfg = Debug|Any CPU
		{23077B49-CDD3-41C1-945B-9E1CCD196547}.Debug|Any CPU.Build.0 = Debug|Any CPU
		{23077B49-CDD3-41C1-945B-9E1CCD196547}.Release|Any CPU.ActiveCfg = Release|Any CPU
		{23077B49-CDD3-41C1-945B-9E1CCD196547}.Release|Any CPU.Build.0 = Release|Any CPU
		{746B7720-DF70-4CA2-8043-2659AB4691F2}.Debug|Any CPU.ActiveCfg = Debug|Any CPU
		{746B7720-DF70-4CA2-8043-2659AB4691F2}.Debug|Any CPU.Build.0 = Debug|Any CPU
		{746B7720-DF70-4CA2-8043-2659AB4691F2}.Release|Any CPU.ActiveCfg = Release|Any CPU
		{746B7720-DF70-4CA2-8043-2659AB4691F2}.Release|Any CPU.Build.0 = Release|Any CPU
		{105B1A74-A23C-4C30-9D34-F54BA608BEA3}.Debug|Any CPU.ActiveCfg = Debug|Any CPU
		{105B1A74-A23C-4C30-9D34-F54BA608BEA3}.Debug|Any CPU.Build.0 = Debug|Any CPU
		{105B1A74-A23C-4C30-9D34-F54BA608BEA3}.Release|Any CPU.ActiveCfg = Release|Any CPU
		{105B1A74-A23C-4C30-9D34-F54BA608BEA3}.Release|Any CPU.Build.0 = Release|Any CPU
		{BDEC917A-F52B-4969-9E5D-6C92FF57181C}.Debug|Any CPU.ActiveCfg = Debug|Any CPU
		{BDEC917A-F52B-4969-9E5D-6C92FF57181C}.Debug|Any CPU.Build.0 = Debug|Any CPU
		{BDEC917A-F52B-4969-9E5D-6C92FF57181C}.Release|Any CPU.ActiveCfg = Release|Any CPU
		{BDEC917A-F52B-4969-9E5D-6C92FF57181C}.Release|Any CPU.Build.0 = Release|Any CPU
		{8EA070B3-0F39-427D-B78F-000D8158BEC8}.Debug|Any CPU.ActiveCfg = Debug|Any CPU
		{8EA070B3-0F39-427D-B78F-000D8158BEC8}.Debug|Any CPU.Build.0 = Debug|Any CPU
		{8EA070B3-0F39-427D-B78F-000D8158BEC8}.Release|Any CPU.ActiveCfg = Release|Any CPU
		{8EA070B3-0F39-427D-B78F-000D8158BEC8}.Release|Any CPU.Build.0 = Release|Any CPU
		{8C844117-0FBA-43DB-91FA-CE6E1B18D398}.Debug|Any CPU.ActiveCfg = Debug|Any CPU
		{8C844117-0FBA-43DB-91FA-CE6E1B18D398}.Debug|Any CPU.Build.0 = Debug|Any CPU
		{8C844117-0FBA-43DB-91FA-CE6E1B18D398}.Release|Any CPU.ActiveCfg = Release|Any CPU
		{8C844117-0FBA-43DB-91FA-CE6E1B18D398}.Release|Any CPU.Build.0 = Release|Any CPU
	EndGlobalSection
	GlobalSection(SolutionProperties) = preSolution
		HideSolutionNode = FALSE
	EndGlobalSection
	GlobalSection(ExtensibilityGlobals) = postSolution
		SolutionGuid = {DD9F16D2-2473-4EFA-BFC8-8C2DBBED3E5B}
	EndGlobalSection
EndGlobal
