
Microsoft Visual Studio Solution File, Format Version 12.00
# Visual Studio Version 17
VisualStudioVersion = 17.14.36429.23
MinimumVisualStudioVersion = 10.0.40219.1
Project("{FAE04EC0-301F-11D3-BF4B-00C04F79EFBC}") = "FirstApp", "FirstApp\FirstApp.csproj", "{19C1812E-643D-4A80-99C7-75B4DF30891C}"
EndProject
Project("{FAE04EC0-301F-11D3-BF4B-00C04F79EFBC}") = "SecondApp", "SecondApp\SecondApp.csproj", "{23077B49-CDD3-41C1-945B-9E1CCD196547}"
EndProject
Project("{FAE04EC0-301F-11D3-BF4B-00C04F79EFBC}") = "ArraysAndCollections", "ArraysAndCollections\ArraysAndCollections.csproj", "{746B7720-DF70-4CA2-8043-2659AB4691F2}"
EndProject
Project("{FAE04EC0-301F-11D3-BF4B-00C04F79EFBC}") = "ControlStructures", "ControlStructures\ControlStructures.csproj", "{105B1A74-A23C-4C30-9D34-F54BA608BEA3}"
EndProject
Project("{FAE04EC0-301F-11D3-BF4B-00C04F79EFBC}") = "AccessModifiers", "AccessModifiers\AccessModifiers.csproj", "{BDEC917A-F52B-4969-9E5D-6C92FF57181C}"
EndProject
Project("{FAE04EC0-301F-11D3-BF4B-00C04F79EFBC}") = "MethodsAndClasses", "MethodsAndClasses\MethodsAndClasses.csproj", "{8EA070B3-0F39-427D-B78F-000D8158BEC8}"
EndProject
Project("{FAE04EC0-301F-11D3-BF4B-00C04F79EFBC}") = "Properties", "Properties\Properties.csproj", "{8C844117-0FBA-43DB-91FA-CE6E1B18D398}"
EndProject
Project("{FAE04EC0-301F-11D3-BF4B-00C04F79EFBC}") = "StructsVsClasses", "StructsVsClasses\StructsVsClasses.csproj", "{000193EA-F5FF-423C-B7D7-810647649872}"
EndProject
Project("{FAE04EC0-301F-11D3-BF4B-00C04F79EFBC}") = "Utils", "Utils\Utils.csproj", "{5CE74ABE-EC34-4B51-B4FD-46767440BA10}"
EndProject
Project("{FAE04EC0-301F-11D3-BF4B-00C04F79EFBC}") = "Enums", "Enums\Enums.csproj", "{6C31DC99-40B8-4F88-8F19-D70367D91A68}"
EndProject
Project("{FAE04EC0-301F-11D3-BF4B-00C04F79EFBC}") = "NuGetTest", "NuGetTest\NuGetTest.csproj", "{A2134B59-7E8C-4864-8910-1D4119498F16}"
EndProject
Project("{FAE04EC0-301F-11D3-BF4B-00C04F79EFBC}") = "Inheritance", "Inheritance\Inheritance.csproj", "{D2CE2251-217F-426B-B88D-7BDD67BF76B3}"
EndProject
Project("{FAE04EC0-301F-11D3-BF4B-00C04F79EFBC}") = "Extensions", "Extensions\Extensions.csproj", "{E896668A-2FA2-41D2-94A7-8CB0CFF14325}"
EndProject
Project("{FAE04EC0-301F-11D3-BF4B-00C04F79EFBC}") = "Polymorphism", "Polymorphism\Polymorphism.csproj", "{88DEC335-2E47-43BC-BFF9-0CFDDEA9D141}"
EndProject
Project("{FAE04EC0-301F-11D3-BF4B-00C04F79EFBC}") = "Abstractions", "Abstractions\Abstractions.csproj", "{CB0F3C84-F9AC-4129-9B07-211363D75668}"
EndProject
Project("{FAE04EC0-301F-11D3-BF4B-00C04F79EFBC}") = "DictRefValue", "DictRefValue\DictRefValue.csproj", "{A1EA70E3-3EE1-4495-A889-606E061D80B7}"
EndProject
Project("{2150E333-8FDC-42A3-9474-1A3956D46DE8}") = "Other", "Other", "{02EA681E-C7D8-13C7-8484-4AC65E1B71E8}"
EndProject
Project("{FAE04EC0-301F-11D3-BF4B-00C04F79EFBC}") = "Attributes", "Attributes\Attributes.csproj", "{F32386E4-3AB0-4E50-9DA4-4E84AE51ECC6}"
EndProject
Project("{FAE04EC0-301F-11D3-BF4B-00C04F79EFBC}") = "DisposableObjects", "DisposableObjects\DisposableObjects.csproj", "{63F65710-7A4B-4E30-BBE0-06F850F2E46E}"
EndProject
Project("{FAE04EC0-301F-11D3-BF4B-00C04F79EFBC}") = "Delegates", "Delegates\Delegates.csproj", "{E64282B8-7158-44D9-AC3D-E39E5AD72FAC}"
EndProject
Project("{FAE04EC0-301F-11D3-BF4B-00C04F79EFBC}") = "BoxingAndUnboxing", "BoxingAndUnboxing\BoxingAndUnboxing.csproj", "{D12B8646-F24F-4044-9D9C-C3A91CCAB5DE}"
EndProject
Project("{FAE04EC0-301F-11D3-BF4B-00C04F79EFBC}") = "LambdaExpressions", "LambdaExpressions\LambdaExpressions.csproj", "{6C749CF2-D2BB-4E7B-A483-5535B78EE6BC}"
EndProject
Project("{FAE04EC0-301F-11D3-BF4B-00C04F79EFBC}") = "LinqExamples", "LinqExamples\LinqExamples.csproj", "{3C926EDE-9281-433B-8FD0-2F2326094DB0}"
EndProject
Project("{FAE04EC0-301F-11D3-BF4B-00C04F79EFBC}") = "Generics", "Generics\Generics.csproj", "{62AAA3B3-2217-4A2F-8981-4B28A978807C}"
EndProject
Project("{FAE04EC0-301F-11D3-BF4B-00C04F79EFBC}") = "ErrorHandling", "ErrorHandling\ErrorHandling.csproj", "{EC63286A-0580-4119-9558-1344E0241986}"
EndProject
Project("{FAE04EC0-301F-11D3-BF4B-00C04F79EFBC}") = "SwitchExpressions", "SwitchExpressions\SwitchExpressions.csproj", "{7C24F323-0662-4702-880E-45D44DA58DEF}"
EndProject
Project("{2150E333-8FDC-42A3-9474-1A3956D46DE8}") = "Database", "Database", "{39EEB94A-BA86-442E-A8D5-B043FD3FE081}"
EndProject
Project("{FAE04EC0-301F-11D3-BF4B-00C04F79EFBC}") = "AdoNetSample", "AdoNetSample\AdoNetSample.csproj", "{FB1BBBE7-83A2-4FF8-962D-1F2DFC6230AD}"
EndProject
Project("{FAE04EC0-301F-11D3-BF4B-00C04F79EFBC}") = "DbRelationships", "DbRelationships\DbRelationships.csproj", "{94AD41FB-A83B-434F-A98E-D4218A0DC415}"
EndProject
Project("{FAE04EC0-301F-11D3-BF4B-00C04F79EFBC}") = "DapperExample", "DapperExample\DapperExample.csproj", "{F28A1342-F8EA-448B-8276-3ACBA440BCF1}"
EndProject
Global
	GlobalSection(SolutionConfigurationPlatforms) = preSolution
		Debug|Any CPU = Debug|Any CPU
		Release|Any CPU = Release|Any CPU
	EndGlobalSection
	GlobalSection(ProjectConfigurationPlatforms) = postSolution
		{19C1812E-643D-4A80-99C7-75B4DF30891C}.Debug|Any CPU.ActiveCfg = Debug|Any CPU
		{19C1812E-643D-4A80-99C7-75B4DF30891C}.Debug|Any CPU.Build.0 = Debug|Any CPU
		{19C1812E-643D-4A80-99C7-75B4DF30891C}.Release|Any CPU.ActiveCfg = Release|Any CPU
		{19C1812E-643D-4A80-99C7-75B4DF30891C}.Release|Any CPU.Build.0 = Release|Any CPU
		{23077B49-CDD3-41C1-945B-9E1CCD196547}.Debug|Any CPU.ActiveCfg = Debug|Any CPU
		{23077B49-CDD3-41C1-945B-9E1CCD196547}.Debug|Any CPU.Build.0 = Debug|Any CPU
		{23077B49-CDD3-41C1-945B-9E1CCD196547}.Release|Any CPU.ActiveCfg = Release|Any CPU
		{23077B49-CDD3-41C1-945B-9E1CCD196547}.Release|Any CPU.Build.0 = Release|Any CPU
		{746B7720-DF70-4CA2-8043-2659AB4691F2}.Debug|Any CPU.ActiveCfg = Debug|Any CPU
		{746B7720-DF70-4CA2-8043-2659AB4691F2}.Debug|Any CPU.Build.0 = Debug|Any CPU
		{746B7720-DF70-4CA2-8043-2659AB4691F2}.Release|Any CPU.ActiveCfg = Release|Any CPU
		{746B7720-DF70-4CA2-8043-2659AB4691F2}.Release|Any CPU.Build.0 = Release|Any CPU
		{105B1A74-A23C-4C30-9D34-F54BA608BEA3}.Debug|Any CPU.ActiveCfg = Debug|Any CPU
		{105B1A74-A23C-4C30-9D34-F54BA608BEA3}.Debug|Any CPU.Build.0 = Debug|Any CPU
		{105B1A74-A23C-4C30-9D34-F54BA608BEA3}.Release|Any CPU.ActiveCfg = Release|Any CPU
		{105B1A74-A23C-4C30-9D34-F54BA608BEA3}.Release|Any CPU.Build.0 = Release|Any CPU
		{BDEC917A-F52B-4969-9E5D-6C92FF57181C}.Debug|Any CPU.ActiveCfg = Debug|Any CPU
		{BDEC917A-F52B-4969-9E5D-6C92FF57181C}.Debug|Any CPU.Build.0 = Debug|Any CPU
		{BDEC917A-F52B-4969-9E5D-6C92FF57181C}.Release|Any CPU.ActiveCfg = Release|Any CPU
		{BDEC917A-F52B-4969-9E5D-6C92FF57181C}.Release|Any CPU.Build.0 = Release|Any CPU
		{8EA070B3-0F39-427D-B78F-000D8158BEC8}.Debug|Any CPU.ActiveCfg = Debug|Any CPU
		{8EA070B3-0F39-427D-B78F-000D8158BEC8}.Debug|Any CPU.Build.0 = Debug|Any CPU
		{8EA070B3-0F39-427D-B78F-000D8158BEC8}.Release|Any CPU.ActiveCfg = Release|Any CPU
		{8EA070B3-0F39-427D-B78F-000D8158BEC8}.Release|Any CPU.Build.0 = Release|Any CPU
		{8C844117-0FBA-43DB-91FA-CE6E1B18D398}.Debug|Any CPU.ActiveCfg = Debug|Any CPU
		{8C844117-0FBA-43DB-91FA-CE6E1B18D398}.Debug|Any CPU.Build.0 = Debug|Any CPU
		{8C844117-0FBA-43DB-91FA-CE6E1B18D398}.Release|Any CPU.ActiveCfg = Release|Any CPU
		{8C844117-0FBA-43DB-91FA-CE6E1B18D398}.Release|Any CPU.Build.0 = Release|Any CPU
		{000193EA-F5FF-423C-B7D7-810647649872}.Debug|Any CPU.ActiveCfg = Debug|Any CPU
		{000193EA-F5FF-423C-B7D7-810647649872}.Debug|Any CPU.Build.0 = Debug|Any CPU
		{000193EA-F5FF-423C-B7D7-810647649872}.Release|Any CPU.ActiveCfg = Release|Any CPU
		{000193EA-F5FF-423C-B7D7-810647649872}.Release|Any CPU.Build.0 = Release|Any CPU
		{5CE74ABE-EC34-4B51-B4FD-46767440BA10}.Debug|Any CPU.ActiveCfg = Debug|Any CPU
		{5CE74ABE-EC34-4B51-B4FD-46767440BA10}.Debug|Any CPU.Build.0 = Debug|Any CPU
		{5CE74ABE-EC34-4B51-B4FD-46767440BA10}.Release|Any CPU.ActiveCfg = Release|Any CPU
		{5CE74ABE-EC34-4B51-B4FD-46767440BA10}.Release|Any CPU.Build.0 = Release|Any CPU
		{6C31DC99-40B8-4F88-8F19-D70367D91A68}.Debug|Any CPU.ActiveCfg = Debug|Any CPU
		{6C31DC99-40B8-4F88-8F19-D70367D91A68}.Debug|Any CPU.Build.0 = Debug|Any CPU
		{6C31DC99-40B8-4F88-8F19-D70367D91A68}.Release|Any CPU.ActiveCfg = Release|Any CPU
		{6C31DC99-40B8-4F88-8F19-D70367D91A68}.Release|Any CPU.Build.0 = Release|Any CPU
		{A2134B59-7E8C-4864-8910-1D4119498F16}.Debug|Any CPU.ActiveCfg = Debug|Any CPU
		{A2134B59-7E8C-4864-8910-1D4119498F16}.Debug|Any CPU.Build.0 = Debug|Any CPU
		{A2134B59-7E8C-4864-8910-1D4119498F16}.Release|Any CPU.ActiveCfg = Release|Any CPU
		{A2134B59-7E8C-4864-8910-1D4119498F16}.Release|Any CPU.Build.0 = Release|Any CPU
		{D2CE2251-217F-426B-B88D-7BDD67BF76B3}.Debug|Any CPU.ActiveCfg = Debug|Any CPU
		{D2CE2251-217F-426B-B88D-7BDD67BF76B3}.Debug|Any CPU.Build.0 = Debug|Any CPU
		{D2CE2251-217F-426B-B88D-7BDD67BF76B3}.Release|Any CPU.ActiveCfg = Release|Any CPU
		{D2CE2251-217F-426B-B88D-7BDD67BF76B3}.Release|Any CPU.Build.0 = Release|Any CPU
		{E896668A-2FA2-41D2-94A7-8CB0CFF14325}.Debug|Any CPU.ActiveCfg = Debug|Any CPU
		{E896668A-2FA2-41D2-94A7-8CB0CFF14325}.Debug|Any CPU.Build.0 = Debug|Any CPU
		{E896668A-2FA2-41D2-94A7-8CB0CFF14325}.Release|Any CPU.ActiveCfg = Release|Any CPU
		{E896668A-2FA2-41D2-94A7-8CB0CFF14325}.Release|Any CPU.Build.0 = Release|Any CPU
		{88DEC335-2E47-43BC-BFF9-0CFDDEA9D141}.Debug|Any CPU.ActiveCfg = Debug|Any CPU
		{88DEC335-2E47-43BC-BFF9-0CFDDEA9D141}.Debug|Any CPU.Build.0 = Debug|Any CPU
		{88DEC335-2E47-43BC-BFF9-0CFDDEA9D141}.Release|Any CPU.ActiveCfg = Release|Any CPU
		{88DEC335-2E47-43BC-BFF9-0CFDDEA9D141}.Release|Any CPU.Build.0 = Release|Any CPU
		{CB0F3C84-F9AC-4129-9B07-211363D75668}.Debug|Any CPU.ActiveCfg = Debug|Any CPU
		{CB0F3C84-F9AC-4129-9B07-211363D75668}.Debug|Any CPU.Build.0 = Debug|Any CPU
		{CB0F3C84-F9AC-4129-9B07-211363D75668}.Release|Any CPU.ActiveCfg = Release|Any CPU
		{CB0F3C84-F9AC-4129-9B07-211363D75668}.Release|Any CPU.Build.0 = Release|Any CPU
		{A1EA70E3-3EE1-4495-A889-606E061D80B7}.Debug|Any CPU.ActiveCfg = Debug|Any CPU
		{A1EA70E3-3EE1-4495-A889-606E061D80B7}.Debug|Any CPU.Build.0 = Debug|Any CPU
		{A1EA70E3-3EE1-4495-A889-606E061D80B7}.Release|Any CPU.ActiveCfg = Release|Any CPU
		{A1EA70E3-3EE1-4495-A889-606E061D80B7}.Release|Any CPU.Build.0 = Release|Any CPU
		{F32386E4-3AB0-4E50-9DA4-4E84AE51ECC6}.Debug|Any CPU.ActiveCfg = Debug|Any CPU
		{F32386E4-3AB0-4E50-9DA4-4E84AE51ECC6}.Debug|Any CPU.Build.0 = Debug|Any CPU
		{F32386E4-3AB0-4E50-9DA4-4E84AE51ECC6}.Release|Any CPU.ActiveCfg = Release|Any CPU
		{F32386E4-3AB0-4E50-9DA4-4E84AE51ECC6}.Release|Any CPU.Build.0 = Release|Any CPU
		{63F65710-7A4B-4E30-BBE0-06F850F2E46E}.Debug|Any CPU.ActiveCfg = Debug|Any CPU
		{63F65710-7A4B-4E30-BBE0-06F850F2E46E}.Debug|Any CPU.Build.0 = Debug|Any CPU
		{63F65710-7A4B-4E30-BBE0-06F850F2E46E}.Release|Any CPU.ActiveCfg = Release|Any CPU
		{63F65710-7A4B-4E30-BBE0-06F850F2E46E}.Release|Any CPU.Build.0 = Release|Any CPU
		{E64282B8-7158-44D9-AC3D-E39E5AD72FAC}.Debug|Any CPU.ActiveCfg = Debug|Any CPU
		{E64282B8-7158-44D9-AC3D-E39E5AD72FAC}.Debug|Any CPU.Build.0 = Debug|Any CPU
		{E64282B8-7158-44D9-AC3D-E39E5AD72FAC}.Release|Any CPU.ActiveCfg = Release|Any CPU
		{E64282B8-7158-44D9-AC3D-E39E5AD72FAC}.Release|Any CPU.Build.0 = Release|Any CPU
		{D12B8646-F24F-4044-9D9C-C3A91CCAB5DE}.Debug|Any CPU.ActiveCfg = Debug|Any CPU
		{D12B8646-F24F-4044-9D9C-C3A91CCAB5DE}.Debug|Any CPU.Build.0 = Debug|Any CPU
		{D12B8646-F24F-4044-9D9C-C3A91CCAB5DE}.Release|Any CPU.ActiveCfg = Release|Any CPU
		{D12B8646-F24F-4044-9D9C-C3A91CCAB5DE}.Release|Any CPU.Build.0 = Release|Any CPU
		{6C749CF2-D2BB-4E7B-A483-5535B78EE6BC}.Debug|Any CPU.ActiveCfg = Debug|Any CPU
		{6C749CF2-D2BB-4E7B-A483-5535B78EE6BC}.Debug|Any CPU.Build.0 = Debug|Any CPU
		{6C749CF2-D2BB-4E7B-A483-5535B78EE6BC}.Release|Any CPU.ActiveCfg = Release|Any CPU
		{6C749CF2-D2BB-4E7B-A483-5535B78EE6BC}.Release|Any CPU.Build.0 = Release|Any CPU
		{3C926EDE-9281-433B-8FD0-2F2326094DB0}.Debug|Any CPU.ActiveCfg = Debug|Any CPU
		{3C926EDE-9281-433B-8FD0-2F2326094DB0}.Debug|Any CPU.Build.0 = Debug|Any CPU
		{3C926EDE-9281-433B-8FD0-2F2326094DB0}.Release|Any CPU.ActiveCfg = Release|Any CPU
		{3C926EDE-9281-433B-8FD0-2F2326094DB0}.Release|Any CPU.Build.0 = Release|Any CPU
		{62AAA3B3-2217-4A2F-8981-4B28A978807C}.Debug|Any CPU.ActiveCfg = Debug|Any CPU
		{62AAA3B3-2217-4A2F-8981-4B28A978807C}.Debug|Any CPU.Build.0 = Debug|Any CPU
		{62AAA3B3-2217-4A2F-8981-4B28A978807C}.Release|Any CPU.ActiveCfg = Release|Any CPU
		{62AAA3B3-2217-4A2F-8981-4B28A978807C}.Release|Any CPU.Build.0 = Release|Any CPU
		{EC63286A-0580-4119-9558-1344E0241986}.Debug|Any CPU.ActiveCfg = Debug|Any CPU
		{EC63286A-0580-4119-9558-1344E0241986}.Debug|Any CPU.Build.0 = Debug|Any CPU
		{EC63286A-0580-4119-9558-1344E0241986}.Release|Any CPU.ActiveCfg = Release|Any CPU
		{EC63286A-0580-4119-9558-1344E0241986}.Release|Any CPU.Build.0 = Release|Any CPU
		{7C24F323-0662-4702-880E-45D44DA58DEF}.Debug|Any CPU.ActiveCfg = Debug|Any CPU
		{7C24F323-0662-4702-880E-45D44DA58DEF}.Debug|Any CPU.Build.0 = Debug|Any CPU
		{7C24F323-0662-4702-880E-45D44DA58DEF}.Release|Any CPU.ActiveCfg = Release|Any CPU
		{7C24F323-0662-4702-880E-45D44DA58DEF}.Release|Any CPU.Build.0 = Release|Any CPU
		{FB1BBBE7-83A2-4FF8-962D-1F2DFC6230AD}.Debug|Any CPU.ActiveCfg = Debug|Any CPU
		{FB1BBBE7-83A2-4FF8-962D-1F2DFC6230AD}.Debug|Any CPU.Build.0 = Debug|Any CPU
		{FB1BBBE7-83A2-4FF8-962D-1F2DFC6230AD}.Release|Any CPU.ActiveCfg = Release|Any CPU
		{FB1BBBE7-83A2-4FF8-962D-1F2DFC6230AD}.Release|Any CPU.Build.0 = Release|Any CPU
		{94AD41FB-A83B-434F-A98E-D4218A0DC415}.Debug|Any CPU.ActiveCfg = Debug|Any CPU
		{94AD41FB-A83B-434F-A98E-D4218A0DC415}.Debug|Any CPU.Build.0 = Debug|Any CPU
		{94AD41FB-A83B-434F-A98E-D4218A0DC415}.Release|Any CPU.ActiveCfg = Release|Any CPU
		{94AD41FB-A83B-434F-A98E-D4218A0DC415}.Release|Any CPU.Build.0 = Release|Any CPU
		{F28A1342-F8EA-448B-8276-3ACBA440BCF1}.Debug|Any CPU.ActiveCfg = Debug|Any CPU
		{F28A1342-F8EA-448B-8276-3ACBA440BCF1}.Debug|Any CPU.Build.0 = Debug|Any CPU
		{F28A1342-F8EA-448B-8276-3ACBA440BCF1}.Release|Any CPU.ActiveCfg = Release|Any CPU
		{F28A1342-F8EA-448B-8276-3ACBA440BCF1}.Release|Any CPU.Build.0 = Release|Any CPU
	EndGlobalSection
	GlobalSection(SolutionProperties) = preSolution
		HideSolutionNode = FALSE
	EndGlobalSection
	GlobalSection(NestedProjects) = preSolution
		{19C1812E-643D-4A80-99C7-75B4DF30891C} = {02EA681E-C7D8-13C7-8484-4AC65E1B71E8}
		{23077B49-CDD3-41C1-945B-9E1CCD196547} = {02EA681E-C7D8-13C7-8484-4AC65E1B71E8}
		{A1EA70E3-3EE1-4495-A889-606E061D80B7} = {02EA681E-C7D8-13C7-8484-4AC65E1B71E8}
		{7C24F323-0662-4702-880E-45D44DA58DEF} = {02EA681E-C7D8-13C7-8484-4AC65E1B71E8}
		{FB1BBBE7-83A2-4FF8-962D-1F2DFC6230AD} = {39EEB94A-BA86-442E-A8D5-B043FD3FE081}
		{94AD41FB-A83B-434F-A98E-D4218A0DC415} = {39EEB94A-BA86-442E-A8D5-B043FD3FE081}
	EndGlobalSection
	GlobalSection(ExtensibilityGlobals) = postSolution
		SolutionGuid = {DD9F16D2-2473-4EFA-BFC8-8C2DBBED3E5B}
	EndGlobalSection
EndGlobal
