
Microsoft Visual Studio Solution File, Format Version 12.00
# Visual Studio Version 17
VisualStudioVersion = 17.0.31903.59
MinimumVisualStudioVersion = 10.0.40219.1
Project("{2150E333-8FDC-42A3-9474-1A3956D46DE8}") = "09.19", "09.19", "{603FAB37-BEC1-BC24-CFE5-C90D62CBB8A6}"
EndProject
Project("{FAE04EC0-301F-11D3-BF4B-00C04F79EFBC}") = "Auto", "09.19\Auto\Auto.csproj", "{E7A4DC49-39E2-4D06-97BA-59054D41199D}"
EndProject
Project("{FAE04EC0-301F-11D3-BF4B-00C04F79EFBC}") = "Methods", "09.19\Methods\Methods.csproj", "{E49DB258-EFEA-40C8-9013-2C010B1760E1}"
EndProject
Project("{2150E333-8FDC-42A3-9474-1A3956D46DE8}") = "09.21", "09.21", "{90ED7A98-B5FC-2951-FF69-6A1B93E26C90}"
EndProject
Project("{FAE04EC0-301F-11D3-BF4B-00C04F79EFBC}") = "PatternMatching", "09.21\PatternMatching\PatternMatching.csproj", "{44FF2AA8-D966-405B-893D-3492DCDEE3EA}"
EndProject
Project("{FAE04EC0-301F-11D3-BF4B-00C04F79EFBC}") = "Attributes", "Attributes\Attributes.csproj", "{849BB7C6-BAE9-4824-9D6F-A3A9B81BF3EB}"
EndProject
Project("{FAE04EC0-301F-11D3-BF4B-00C04F79EFBC}") = "ContactBook", "ContactBook\ContactBook.csproj", "{5CEE44B9-8B22-4538-8908-4D0F4F07C2E6}"
EndProject
Project("{FAE04EC0-301F-11D3-BF4B-00C04F79EFBC}") = "Extension", "Extension\Extension.csproj", "{BFD7BFBD-4CF9-4443-8654-EE7EE263B2E3}"
EndProject
Project("{FAE04EC0-301F-11D3-BF4B-00C04F79EFBC}") = "Inheritance", "Inheritance\Inheritance.csproj", "{F00F1A88-567F-4670-BB60-4338F8B70478}"
EndProject
Project("{FAE04EC0-301F-11D3-BF4B-00C04F79EFBC}") = "Polymorphism", "Polymorphism\Polymorphism.csproj", "{268F3015-DF28-4128-9D39-39B250ADBDC6}"
EndProject
Project("{FAE04EC0-301F-11D3-BF4B-00C04F79EFBC}") = "ProvaRubrica", "ProvaRubrica\ProvaRubrica.csproj", "{E0C7D192-624E-44FE-92A8-FC6002D97A14}"
EndProject
Project("{FAE04EC0-301F-11D3-BF4B-00C04F79EFBC}") = "QuizMaker", "QuizMaker\QuizMaker.csproj", "{70503982-5ED5-4FF8-A3DE-615C12C5F6D0}"
EndProject
Project("{FAE04EC0-301F-11D3-BF4B-00C04F79EFBC}") = "QuizMakerV2", "QuizMakerV2\QuizMakerV2.csproj", "{FEBA752B-6CB8-4D3B-93F2-1CA6FD00058F}"
EndProject
Project("{2150E333-8FDC-42A3-9474-1A3956D46DE8}") = "Rubrica", "Rubrica", "{4E36331A-90DF-1B0C-9099-13B1D7951C12}"
EndProject
Project("{FAE04EC0-301F-11D3-BF4B-00C04F79EFBC}") = "RubricaUtils", "Rubrica\RubricaUtils.csproj", "{E5B95C0C-1C01-4BF3-9C60-7F20B3AF900E}"
EndProject
Project("{FAE04EC0-301F-11D3-BF4B-00C04F79EFBC}") = "Biblioteca", "Biblioteca\Biblioteca.csproj", "{6493FEA6-FA5A-4253-839B-D1B804CB64E5}"
EndProject
Project("{FAE04EC0-301F-11D3-BF4B-00C04F79EFBC}") = "Delegates", "Delegates\Delegates.csproj", "{F19C5D76-077F-4D6C-920C-0FF0B29697C9}"
EndProject
Project("{FAE04EC0-301F-11D3-BF4B-00C04F79EFBC}") = "Delegates, Generics, Exception Handling", "Delegates, Generics, Exception Handling\Delegates, Generics, Exception Handling.csproj", "{6676FEB1-B381-41F1-B083-9809E72D5164}"
EndProject
Project("{2150E333-8FDC-42A3-9474-1A3956D46DE8}") = "09.30", "09.30", "{02EA681E-C7D8-13C7-8484-4AC65E1B71E8}"
EndProject
Project("{FAE04EC0-301F-11D3-BF4B-00C04F79EFBC}") = "Abstract Factory", "Abstract Factory\Abstract Factory.csproj", "{C8160DD0-E679-4F26-90C4-5A7704BAB98A}"
EndProject
Project("{2150E333-8FDC-42A3-9474-1A3956D46DE8}") = "10.02", "10.02", "{1172F7B0-83D9-4325-B7A2-3F88A1FD2162}"
EndProject
Project("{FAE04EC0-301F-11D3-BF4B-00C04F79EFBC}") = "AdoNetSample", "AdoNetSample\AdoNetSample.csproj", "{CF40834C-8EAD-43AC-BF29-3EE4E6B60707}"
EndProject
Project("{2150E333-8FDC-42A3-9474-1A3956D46DE8}") = "10.06", "10.06", "{B33B7BDB-EBB2-4833-A201-CE5152D3DFDB}"
EndProject
Project("{FAE04EC0-301F-11D3-BF4B-00C04F79EFBC}") = "Sorting", "Sorting\Sorting.csproj", "{FF5ABFF1-8237-436E-AD1C-55C52D5515E1}"
EndProject
Global
	GlobalSection(SolutionConfigurationPlatforms) = preSolution
		Debug|Any CPU = Debug|Any CPU
		Debug|x64 = Debug|x64
		Debug|x86 = Debug|x86
		Release|Any CPU = Release|Any CPU
		Release|x64 = Release|x64
		Release|x86 = Release|x86
	EndGlobalSection
	GlobalSection(ProjectConfigurationPlatforms) = postSolution
		{E7A4DC49-39E2-4D06-97BA-59054D41199D}.Debug|Any CPU.ActiveCfg = Debug|Any CPU
		{E7A4DC49-39E2-4D06-97BA-59054D41199D}.Debug|Any CPU.Build.0 = Debug|Any CPU
		{E7A4DC49-39E2-4D06-97BA-59054D41199D}.Debug|x64.ActiveCfg = Debug|Any CPU
		{E7A4DC49-39E2-4D06-97BA-59054D41199D}.Debug|x64.Build.0 = Debug|Any CPU
		{E7A4DC49-39E2-4D06-97BA-59054D41199D}.Debug|x86.ActiveCfg = Debug|Any CPU
		{E7A4DC49-39E2-4D06-97BA-59054D41199D}.Debug|x86.Build.0 = Debug|Any CPU
		{E7A4DC49-39E2-4D06-97BA-59054D41199D}.Release|Any CPU.ActiveCfg = Release|Any CPU
		{E7A4DC49-39E2-4D06-97BA-59054D41199D}.Release|Any CPU.Build.0 = Release|Any CPU
		{E7A4DC49-39E2-4D06-97BA-59054D41199D}.Release|x64.ActiveCfg = Release|Any CPU
		{E7A4DC49-39E2-4D06-97BA-59054D41199D}.Release|x64.Build.0 = Release|Any CPU
		{E7A4DC49-39E2-4D06-97BA-59054D41199D}.Release|x86.ActiveCfg = Release|Any CPU
		{E7A4DC49-39E2-4D06-97BA-59054D41199D}.Release|x86.Build.0 = Release|Any CPU
		{E49DB258-EFEA-40C8-9013-2C010B1760E1}.Debug|Any CPU.ActiveCfg = Debug|Any CPU
		{E49DB258-EFEA-40C8-9013-2C010B1760E1}.Debug|Any CPU.Build.0 = Debug|Any CPU
		{E49DB258-EFEA-40C8-9013-2C010B1760E1}.Debug|x64.ActiveCfg = Debug|Any CPU
		{E49DB258-EFEA-40C8-9013-2C010B1760E1}.Debug|x64.Build.0 = Debug|Any CPU
		{E49DB258-EFEA-40C8-9013-2C010B1760E1}.Debug|x86.ActiveCfg = Debug|Any CPU
		{E49DB258-EFEA-40C8-9013-2C010B1760E1}.Debug|x86.Build.0 = Debug|Any CPU
		{E49DB258-EFEA-40C8-9013-2C010B1760E1}.Release|Any CPU.ActiveCfg = Release|Any CPU
		{E49DB258-EFEA-40C8-9013-2C010B1760E1}.Release|Any CPU.Build.0 = Release|Any CPU
		{E49DB258-EFEA-40C8-9013-2C010B1760E1}.Release|x64.ActiveCfg = Release|Any CPU
		{E49DB258-EFEA-40C8-9013-2C010B1760E1}.Release|x64.Build.0 = Release|Any CPU
		{E49DB258-EFEA-40C8-9013-2C010B1760E1}.Release|x86.ActiveCfg = Release|Any CPU
		{E49DB258-EFEA-40C8-9013-2C010B1760E1}.Release|x86.Build.0 = Release|Any CPU
		{44FF2AA8-D966-405B-893D-3492DCDEE3EA}.Debug|Any CPU.ActiveCfg = Debug|Any CPU
		{44FF2AA8-D966-405B-893D-3492DCDEE3EA}.Debug|Any CPU.Build.0 = Debug|Any CPU
		{44FF2AA8-D966-405B-893D-3492DCDEE3EA}.Debug|x64.ActiveCfg = Debug|Any CPU
		{44FF2AA8-D966-405B-893D-3492DCDEE3EA}.Debug|x64.Build.0 = Debug|Any CPU
		{44FF2AA8-D966-405B-893D-3492DCDEE3EA}.Debug|x86.ActiveCfg = Debug|Any CPU
		{44FF2AA8-D966-405B-893D-3492DCDEE3EA}.Debug|x86.Build.0 = Debug|Any CPU
		{44FF2AA8-D966-405B-893D-3492DCDEE3EA}.Release|Any CPU.ActiveCfg = Release|Any CPU
		{44FF2AA8-D966-405B-893D-3492DCDEE3EA}.Release|Any CPU.Build.0 = Release|Any CPU
		{44FF2AA8-D966-405B-893D-3492DCDEE3EA}.Release|x64.ActiveCfg = Release|Any CPU
		{44FF2AA8-D966-405B-893D-3492DCDEE3EA}.Release|x64.Build.0 = Release|Any CPU
		{44FF2AA8-D966-405B-893D-3492DCDEE3EA}.Release|x86.ActiveCfg = Release|Any CPU
		{44FF2AA8-D966-405B-893D-3492DCDEE3EA}.Release|x86.Build.0 = Release|Any CPU
		{849BB7C6-BAE9-4824-9D6F-A3A9B81BF3EB}.Debug|Any CPU.ActiveCfg = Debug|Any CPU
		{849BB7C6-BAE9-4824-9D6F-A3A9B81BF3EB}.Debug|Any CPU.Build.0 = Debug|Any CPU
		{849BB7C6-BAE9-4824-9D6F-A3A9B81BF3EB}.Debug|x64.ActiveCfg = Debug|Any CPU
		{849BB7C6-BAE9-4824-9D6F-A3A9B81BF3EB}.Debug|x64.Build.0 = Debug|Any CPU
		{849BB7C6-BAE9-4824-9D6F-A3A9B81BF3EB}.Debug|x86.ActiveCfg = Debug|Any CPU
		{849BB7C6-BAE9-4824-9D6F-A3A9B81BF3EB}.Debug|x86.Build.0 = Debug|Any CPU
		{849BB7C6-BAE9-4824-9D6F-A3A9B81BF3EB}.Release|Any CPU.ActiveCfg = Release|Any CPU
		{849BB7C6-BAE9-4824-9D6F-A3A9B81BF3EB}.Release|Any CPU.Build.0 = Release|Any CPU
		{849BB7C6-BAE9-4824-9D6F-A3A9B81BF3EB}.Release|x64.ActiveCfg = Release|Any CPU
		{849BB7C6-BAE9-4824-9D6F-A3A9B81BF3EB}.Release|x64.Build.0 = Release|Any CPU
		{849BB7C6-BAE9-4824-9D6F-A3A9B81BF3EB}.Release|x86.ActiveCfg = Release|Any CPU
		{849BB7C6-BAE9-4824-9D6F-A3A9B81BF3EB}.Release|x86.Build.0 = Release|Any CPU
		{5CEE44B9-8B22-4538-8908-4D0F4F07C2E6}.Debug|Any CPU.ActiveCfg = Debug|Any CPU
		{5CEE44B9-8B22-4538-8908-4D0F4F07C2E6}.Debug|Any CPU.Build.0 = Debug|Any CPU
		{5CEE44B9-8B22-4538-8908-4D0F4F07C2E6}.Debug|x64.ActiveCfg = Debug|Any CPU
		{5CEE44B9-8B22-4538-8908-4D0F4F07C2E6}.Debug|x64.Build.0 = Debug|Any CPU
		{5CEE44B9-8B22-4538-8908-4D0F4F07C2E6}.Debug|x86.ActiveCfg = Debug|Any CPU
		{5CEE44B9-8B22-4538-8908-4D0F4F07C2E6}.Debug|x86.Build.0 = Debug|Any CPU
		{5CEE44B9-8B22-4538-8908-4D0F4F07C2E6}.Release|Any CPU.ActiveCfg = Release|Any CPU
		{5CEE44B9-8B22-4538-8908-4D0F4F07C2E6}.Release|Any CPU.Build.0 = Release|Any CPU
		{5CEE44B9-8B22-4538-8908-4D0F4F07C2E6}.Release|x64.ActiveCfg = Release|Any CPU
		{5CEE44B9-8B22-4538-8908-4D0F4F07C2E6}.Release|x64.Build.0 = Release|Any CPU
		{5CEE44B9-8B22-4538-8908-4D0F4F07C2E6}.Release|x86.ActiveCfg = Release|Any CPU
		{5CEE44B9-8B22-4538-8908-4D0F4F07C2E6}.Release|x86.Build.0 = Release|Any CPU
		{BFD7BFBD-4CF9-4443-8654-EE7EE263B2E3}.Debug|Any CPU.ActiveCfg = Debug|Any CPU
		{BFD7BFBD-4CF9-4443-8654-EE7EE263B2E3}.Debug|Any CPU.Build.0 = Debug|Any CPU
		{BFD7BFBD-4CF9-4443-8654-EE7EE263B2E3}.Debug|x64.ActiveCfg = Debug|Any CPU
		{BFD7BFBD-4CF9-4443-8654-EE7EE263B2E3}.Debug|x64.Build.0 = Debug|Any CPU
		{BFD7BFBD-4CF9-4443-8654-EE7EE263B2E3}.Debug|x86.ActiveCfg = Debug|Any CPU
		{BFD7BFBD-4CF9-4443-8654-EE7EE263B2E3}.Debug|x86.Build.0 = Debug|Any CPU
		{BFD7BFBD-4CF9-4443-8654-EE7EE263B2E3}.Release|Any CPU.ActiveCfg = Release|Any CPU
		{BFD7BFBD-4CF9-4443-8654-EE7EE263B2E3}.Release|Any CPU.Build.0 = Release|Any CPU
		{BFD7BFBD-4CF9-4443-8654-EE7EE263B2E3}.Release|x64.ActiveCfg = Release|Any CPU
		{BFD7BFBD-4CF9-4443-8654-EE7EE263B2E3}.Release|x64.Build.0 = Release|Any CPU
		{BFD7BFBD-4CF9-4443-8654-EE7EE263B2E3}.Release|x86.ActiveCfg = Release|Any CPU
		{BFD7BFBD-4CF9-4443-8654-EE7EE263B2E3}.Release|x86.Build.0 = Release|Any CPU
		{F00F1A88-567F-4670-BB60-4338F8B70478}.Debug|Any CPU.ActiveCfg = Debug|Any CPU
		{F00F1A88-567F-4670-BB60-4338F8B70478}.Debug|Any CPU.Build.0 = Debug|Any CPU
		{F00F1A88-567F-4670-BB60-4338F8B70478}.Debug|x64.ActiveCfg = Debug|Any CPU
		{F00F1A88-567F-4670-BB60-4338F8B70478}.Debug|x64.Build.0 = Debug|Any CPU
		{F00F1A88-567F-4670-BB60-4338F8B70478}.Debug|x86.ActiveCfg = Debug|Any CPU
		{F00F1A88-567F-4670-BB60-4338F8B70478}.Debug|x86.Build.0 = Debug|Any CPU
		{F00F1A88-567F-4670-BB60-4338F8B70478}.Release|Any CPU.ActiveCfg = Release|Any CPU
		{F00F1A88-567F-4670-BB60-4338F8B70478}.Release|Any CPU.Build.0 = Release|Any CPU
		{F00F1A88-567F-4670-BB60-4338F8B70478}.Release|x64.ActiveCfg = Release|Any CPU
		{F00F1A88-567F-4670-BB60-4338F8B70478}.Release|x64.Build.0 = Release|Any CPU
		{F00F1A88-567F-4670-BB60-4338F8B70478}.Release|x86.ActiveCfg = Release|Any CPU
		{F00F1A88-567F-4670-BB60-4338F8B70478}.Release|x86.Build.0 = Release|Any CPU
		{268F3015-DF28-4128-9D39-39B250ADBDC6}.Debug|Any CPU.ActiveCfg = Debug|Any CPU
		{268F3015-DF28-4128-9D39-39B250ADBDC6}.Debug|Any CPU.Build.0 = Debug|Any CPU
		{268F3015-DF28-4128-9D39-39B250ADBDC6}.Debug|x64.ActiveCfg = Debug|Any CPU
		{268F3015-DF28-4128-9D39-39B250ADBDC6}.Debug|x64.Build.0 = Debug|Any CPU
		{268F3015-DF28-4128-9D39-39B250ADBDC6}.Debug|x86.ActiveCfg = Debug|Any CPU
		{268F3015-DF28-4128-9D39-39B250ADBDC6}.Debug|x86.Build.0 = Debug|Any CPU
		{268F3015-DF28-4128-9D39-39B250ADBDC6}.Release|Any CPU.ActiveCfg = Release|Any CPU
		{268F3015-DF28-4128-9D39-39B250ADBDC6}.Release|Any CPU.Build.0 = Release|Any CPU
		{268F3015-DF28-4128-9D39-39B250ADBDC6}.Release|x64.ActiveCfg = Release|Any CPU
		{268F3015-DF28-4128-9D39-39B250ADBDC6}.Release|x64.Build.0 = Release|Any CPU
		{268F3015-DF28-4128-9D39-39B250ADBDC6}.Release|x86.ActiveCfg = Release|Any CPU
		{268F3015-DF28-4128-9D39-39B250ADBDC6}.Release|x86.Build.0 = Release|Any CPU
		{E0C7D192-624E-44FE-92A8-FC6002D97A14}.Debug|Any CPU.ActiveCfg = Debug|Any CPU
		{E0C7D192-624E-44FE-92A8-FC6002D97A14}.Debug|Any CPU.Build.0 = Debug|Any CPU
		{E0C7D192-624E-44FE-92A8-FC6002D97A14}.Debug|x64.ActiveCfg = Debug|Any CPU
		{E0C7D192-624E-44FE-92A8-FC6002D97A14}.Debug|x64.Build.0 = Debug|Any CPU
		{E0C7D192-624E-44FE-92A8-FC6002D97A14}.Debug|x86.ActiveCfg = Debug|Any CPU
		{E0C7D192-624E-44FE-92A8-FC6002D97A14}.Debug|x86.Build.0 = Debug|Any CPU
		{E0C7D192-624E-44FE-92A8-FC6002D97A14}.Release|Any CPU.ActiveCfg = Release|Any CPU
		{E0C7D192-624E-44FE-92A8-FC6002D97A14}.Release|Any CPU.Build.0 = Release|Any CPU
		{E0C7D192-624E-44FE-92A8-FC6002D97A14}.Release|x64.ActiveCfg = Release|Any CPU
		{E0C7D192-624E-44FE-92A8-FC6002D97A14}.Release|x64.Build.0 = Release|Any CPU
		{E0C7D192-624E-44FE-92A8-FC6002D97A14}.Release|x86.ActiveCfg = Release|Any CPU
		{E0C7D192-624E-44FE-92A8-FC6002D97A14}.Release|x86.Build.0 = Release|Any CPU
		{70503982-5ED5-4FF8-A3DE-615C12C5F6D0}.Debug|Any CPU.ActiveCfg = Debug|Any CPU
		{70503982-5ED5-4FF8-A3DE-615C12C5F6D0}.Debug|Any CPU.Build.0 = Debug|Any CPU
		{70503982-5ED5-4FF8-A3DE-615C12C5F6D0}.Debug|x64.ActiveCfg = Debug|Any CPU
		{70503982-5ED5-4FF8-A3DE-615C12C5F6D0}.Debug|x64.Build.0 = Debug|Any CPU
		{70503982-5ED5-4FF8-A3DE-615C12C5F6D0}.Debug|x86.ActiveCfg = Debug|Any CPU
		{70503982-5ED5-4FF8-A3DE-615C12C5F6D0}.Debug|x86.Build.0 = Debug|Any CPU
		{70503982-5ED5-4FF8-A3DE-615C12C5F6D0}.Release|Any CPU.ActiveCfg = Release|Any CPU
		{70503982-5ED5-4FF8-A3DE-615C12C5F6D0}.Release|Any CPU.Build.0 = Release|Any CPU
		{70503982-5ED5-4FF8-A3DE-615C12C5F6D0}.Release|x64.ActiveCfg = Release|Any CPU
		{70503982-5ED5-4FF8-A3DE-615C12C5F6D0}.Release|x64.Build.0 = Release|Any CPU
		{70503982-5ED5-4FF8-A3DE-615C12C5F6D0}.Release|x86.ActiveCfg = Release|Any CPU
		{70503982-5ED5-4FF8-A3DE-615C12C5F6D0}.Release|x86.Build.0 = Release|Any CPU
		{FEBA752B-6CB8-4D3B-93F2-1CA6FD00058F}.Debug|Any CPU.ActiveCfg = Debug|Any CPU
		{FEBA752B-6CB8-4D3B-93F2-1CA6FD00058F}.Debug|Any CPU.Build.0 = Debug|Any CPU
		{FEBA752B-6CB8-4D3B-93F2-1CA6FD00058F}.Debug|x64.ActiveCfg = Debug|Any CPU
		{FEBA752B-6CB8-4D3B-93F2-1CA6FD00058F}.Debug|x64.Build.0 = Debug|Any CPU
		{FEBA752B-6CB8-4D3B-93F2-1CA6FD00058F}.Debug|x86.ActiveCfg = Debug|Any CPU
		{FEBA752B-6CB8-4D3B-93F2-1CA6FD00058F}.Debug|x86.Build.0 = Debug|Any CPU
		{FEBA752B-6CB8-4D3B-93F2-1CA6FD00058F}.Release|Any CPU.ActiveCfg = Release|Any CPU
		{FEBA752B-6CB8-4D3B-93F2-1CA6FD00058F}.Release|Any CPU.Build.0 = Release|Any CPU
		{FEBA752B-6CB8-4D3B-93F2-1CA6FD00058F}.Release|x64.ActiveCfg = Release|Any CPU
		{FEBA752B-6CB8-4D3B-93F2-1CA6FD00058F}.Release|x64.Build.0 = Release|Any CPU
		{FEBA752B-6CB8-4D3B-93F2-1CA6FD00058F}.Release|x86.ActiveCfg = Release|Any CPU
		{FEBA752B-6CB8-4D3B-93F2-1CA6FD00058F}.Release|x86.Build.0 = Release|Any CPU
		{E5B95C0C-1C01-4BF3-9C60-7F20B3AF900E}.Debug|Any CPU.ActiveCfg = Debug|Any CPU
		{E5B95C0C-1C01-4BF3-9C60-7F20B3AF900E}.Debug|Any CPU.Build.0 = Debug|Any CPU
		{E5B95C0C-1C01-4BF3-9C60-7F20B3AF900E}.Debug|x64.ActiveCfg = Debug|Any CPU
		{E5B95C0C-1C01-4BF3-9C60-7F20B3AF900E}.Debug|x64.Build.0 = Debug|Any CPU
		{E5B95C0C-1C01-4BF3-9C60-7F20B3AF900E}.Debug|x86.ActiveCfg = Debug|Any CPU
		{E5B95C0C-1C01-4BF3-9C60-7F20B3AF900E}.Debug|x86.Build.0 = Debug|Any CPU
		{E5B95C0C-1C01-4BF3-9C60-7F20B3AF900E}.Release|Any CPU.ActiveCfg = Release|Any CPU
		{E5B95C0C-1C01-4BF3-9C60-7F20B3AF900E}.Release|Any CPU.Build.0 = Release|Any CPU
		{E5B95C0C-1C01-4BF3-9C60-7F20B3AF900E}.Release|x64.ActiveCfg = Release|Any CPU
		{E5B95C0C-1C01-4BF3-9C60-7F20B3AF900E}.Release|x64.Build.0 = Release|Any CPU
		{E5B95C0C-1C01-4BF3-9C60-7F20B3AF900E}.Release|x86.ActiveCfg = Release|Any CPU
		{E5B95C0C-1C01-4BF3-9C60-7F20B3AF900E}.Release|x86.Build.0 = Release|Any CPU
		{6493FEA6-FA5A-4253-839B-D1B804CB64E5}.Debug|Any CPU.ActiveCfg = Debug|Any CPU
		{6493FEA6-FA5A-4253-839B-D1B804CB64E5}.Debug|Any CPU.Build.0 = Debug|Any CPU
		{6493FEA6-FA5A-4253-839B-D1B804CB64E5}.Debug|x64.ActiveCfg = Debug|Any CPU
		{6493FEA6-FA5A-4253-839B-D1B804CB64E5}.Debug|x64.Build.0 = Debug|Any CPU
		{6493FEA6-FA5A-4253-839B-D1B804CB64E5}.Debug|x86.ActiveCfg = Debug|Any CPU
		{6493FEA6-FA5A-4253-839B-D1B804CB64E5}.Debug|x86.Build.0 = Debug|Any CPU
		{6493FEA6-FA5A-4253-839B-D1B804CB64E5}.Release|Any CPU.ActiveCfg = Release|Any CPU
		{6493FEA6-FA5A-4253-839B-D1B804CB64E5}.Release|Any CPU.Build.0 = Release|Any CPU
		{6493FEA6-FA5A-4253-839B-D1B804CB64E5}.Release|x64.ActiveCfg = Release|Any CPU
		{6493FEA6-FA5A-4253-839B-D1B804CB64E5}.Release|x64.Build.0 = Release|Any CPU
		{6493FEA6-FA5A-4253-839B-D1B804CB64E5}.Release|x86.ActiveCfg = Release|Any CPU
		{6493FEA6-FA5A-4253-839B-D1B804CB64E5}.Release|x86.Build.0 = Release|Any CPU
		{F19C5D76-077F-4D6C-920C-0FF0B29697C9}.Debug|Any CPU.ActiveCfg = Debug|Any CPU
		{F19C5D76-077F-4D6C-920C-0FF0B29697C9}.Debug|Any CPU.Build.0 = Debug|Any CPU
		{F19C5D76-077F-4D6C-920C-0FF0B29697C9}.Debug|x64.ActiveCfg = Debug|Any CPU
		{F19C5D76-077F-4D6C-920C-0FF0B29697C9}.Debug|x64.Build.0 = Debug|Any CPU
		{F19C5D76-077F-4D6C-920C-0FF0B29697C9}.Debug|x86.ActiveCfg = Debug|Any CPU
		{F19C5D76-077F-4D6C-920C-0FF0B29697C9}.Debug|x86.Build.0 = Debug|Any CPU
		{F19C5D76-077F-4D6C-920C-0FF0B29697C9}.Release|Any CPU.ActiveCfg = Release|Any CPU
		{F19C5D76-077F-4D6C-920C-0FF0B29697C9}.Release|Any CPU.Build.0 = Release|Any CPU
		{F19C5D76-077F-4D6C-920C-0FF0B29697C9}.Release|x64.ActiveCfg = Release|Any CPU
		{F19C5D76-077F-4D6C-920C-0FF0B29697C9}.Release|x64.Build.0 = Release|Any CPU
		{F19C5D76-077F-4D6C-920C-0FF0B29697C9}.Release|x86.ActiveCfg = Release|Any CPU
		{F19C5D76-077F-4D6C-920C-0FF0B29697C9}.Release|x86.Build.0 = Release|Any CPU
		{6676FEB1-B381-41F1-B083-9809E72D5164}.Debug|Any CPU.ActiveCfg = Debug|Any CPU
		{6676FEB1-B381-41F1-B083-9809E72D5164}.Debug|Any CPU.Build.0 = Debug|Any CPU
		{6676FEB1-B381-41F1-B083-9809E72D5164}.Debug|x64.ActiveCfg = Debug|Any CPU
		{6676FEB1-B381-41F1-B083-9809E72D5164}.Debug|x64.Build.0 = Debug|Any CPU
		{6676FEB1-B381-41F1-B083-9809E72D5164}.Debug|x86.ActiveCfg = Debug|Any CPU
		{6676FEB1-B381-41F1-B083-9809E72D5164}.Debug|x86.Build.0 = Debug|Any CPU
		{6676FEB1-B381-41F1-B083-9809E72D5164}.Release|Any CPU.ActiveCfg = Release|Any CPU
		{6676FEB1-B381-41F1-B083-9809E72D5164}.Release|Any CPU.Build.0 = Release|Any CPU
		{6676FEB1-B381-41F1-B083-9809E72D5164}.Release|x64.ActiveCfg = Release|Any CPU
		{6676FEB1-B381-41F1-B083-9809E72D5164}.Release|x64.Build.0 = Release|Any CPU
		{6676FEB1-B381-41F1-B083-9809E72D5164}.Release|x86.ActiveCfg = Release|Any CPU
		{6676FEB1-B381-41F1-B083-9809E72D5164}.Release|x86.Build.0 = Release|Any CPU
		{C8160DD0-E679-4F26-90C4-5A7704BAB98A}.Debug|Any CPU.ActiveCfg = Debug|Any CPU
		{C8160DD0-E679-4F26-90C4-5A7704BAB98A}.Debug|Any CPU.Build.0 = Debug|Any CPU
		{C8160DD0-E679-4F26-90C4-5A7704BAB98A}.Debug|x64.ActiveCfg = Debug|Any CPU
		{C8160DD0-E679-4F26-90C4-5A7704BAB98A}.Debug|x64.Build.0 = Debug|Any CPU
		{C8160DD0-E679-4F26-90C4-5A7704BAB98A}.Debug|x86.ActiveCfg = Debug|Any CPU
		{C8160DD0-E679-4F26-90C4-5A7704BAB98A}.Debug|x86.Build.0 = Debug|Any CPU
		{C8160DD0-E679-4F26-90C4-5A7704BAB98A}.Release|Any CPU.ActiveCfg = Release|Any CPU
		{C8160DD0-E679-4F26-90C4-5A7704BAB98A}.Release|Any CPU.Build.0 = Release|Any CPU
		{C8160DD0-E679-4F26-90C4-5A7704BAB98A}.Release|x64.ActiveCfg = Release|Any CPU
		{C8160DD0-E679-4F26-90C4-5A7704BAB98A}.Release|x64.Build.0 = Release|Any CPU
		{C8160DD0-E679-4F26-90C4-5A7704BAB98A}.Release|x86.ActiveCfg = Release|Any CPU
		{C8160DD0-E679-4F26-90C4-5A7704BAB98A}.Release|x86.Build.0 = Release|Any CPU
		{CF40834C-8EAD-43AC-BF29-3EE4E6B60707}.Debug|Any CPU.ActiveCfg = Debug|Any CPU
		{CF40834C-8EAD-43AC-BF29-3EE4E6B60707}.Debug|Any CPU.Build.0 = Debug|Any CPU
		{CF40834C-8EAD-43AC-BF29-3EE4E6B60707}.Debug|x64.ActiveCfg = Debug|Any CPU
		{CF40834C-8EAD-43AC-BF29-3EE4E6B60707}.Debug|x64.Build.0 = Debug|Any CPU
		{CF40834C-8EAD-43AC-BF29-3EE4E6B60707}.Debug|x86.ActiveCfg = Debug|Any CPU
		{CF40834C-8EAD-43AC-BF29-3EE4E6B60707}.Debug|x86.Build.0 = Debug|Any CPU
		{CF40834C-8EAD-43AC-BF29-3EE4E6B60707}.Release|Any CPU.ActiveCfg = Release|Any CPU
		{CF40834C-8EAD-43AC-BF29-3EE4E6B60707}.Release|Any CPU.Build.0 = Release|Any CPU
		{CF40834C-8EAD-43AC-BF29-3EE4E6B60707}.Release|x64.ActiveCfg = Release|Any CPU
		{CF40834C-8EAD-43AC-BF29-3EE4E6B60707}.Release|x64.Build.0 = Release|Any CPU
		{CF40834C-8EAD-43AC-BF29-3EE4E6B60707}.Release|x86.ActiveCfg = Release|Any CPU
		{CF40834C-8EAD-43AC-BF29-3EE4E6B60707}.Release|x86.Build.0 = Release|Any CPU
		{FF5ABFF1-8237-436E-AD1C-55C52D5515E1}.Debug|Any CPU.ActiveCfg = Debug|Any CPU
		{FF5ABFF1-8237-436E-AD1C-55C52D5515E1}.Debug|Any CPU.Build.0 = Debug|Any CPU
		{FF5ABFF1-8237-436E-AD1C-55C52D5515E1}.Debug|x64.ActiveCfg = Debug|Any CPU
		{FF5ABFF1-8237-436E-AD1C-55C52D5515E1}.Debug|x64.Build.0 = Debug|Any CPU
		{FF5ABFF1-8237-436E-AD1C-55C52D5515E1}.Debug|x86.ActiveCfg = Debug|Any CPU
		{FF5ABFF1-8237-436E-AD1C-55C52D5515E1}.Debug|x86.Build.0 = Debug|Any CPU
		{FF5ABFF1-8237-436E-AD1C-55C52D5515E1}.Release|Any CPU.ActiveCfg = Release|Any CPU
		{FF5ABFF1-8237-436E-AD1C-55C52D5515E1}.Release|Any CPU.Build.0 = Release|Any CPU
		{FF5ABFF1-8237-436E-AD1C-55C52D5515E1}.Release|x64.ActiveCfg = Release|Any CPU
		{FF5ABFF1-8237-436E-AD1C-55C52D5515E1}.Release|x64.Build.0 = Release|Any CPU
		{FF5ABFF1-8237-436E-AD1C-55C52D5515E1}.Release|x86.ActiveCfg = Release|Any CPU
		{FF5ABFF1-8237-436E-AD1C-55C52D5515E1}.Release|x86.Build.0 = Release|Any CPU
	EndGlobalSection
	GlobalSection(SolutionProperties) = preSolution
		HideSolutionNode = FALSE
	EndGlobalSection
	GlobalSection(NestedProjects) = preSolution
		{E7A4DC49-39E2-4D06-97BA-59054D41199D} = {603FAB37-BEC1-BC24-CFE5-C90D62CBB8A6}
		{E49DB258-EFEA-40C8-9013-2C010B1760E1} = {603FAB37-BEC1-BC24-CFE5-C90D62CBB8A6}
		{44FF2AA8-D966-405B-893D-3492DCDEE3EA} = {90ED7A98-B5FC-2951-FF69-6A1B93E26C90}
		{E5B95C0C-1C01-4BF3-9C60-7F20B3AF900E} = {4E36331A-90DF-1B0C-9099-13B1D7951C12}
		{C8160DD0-E679-4F26-90C4-5A7704BAB98A} = {02EA681E-C7D8-13C7-8484-4AC65E1B71E8}
		{CF40834C-8EAD-43AC-BF29-3EE4E6B60707} = {1172F7B0-83D9-4325-B7A2-3F88A1FD2162}
		{FF5ABFF1-8237-436E-AD1C-55C52D5515E1} = {B33B7BDB-EBB2-4833-A201-CE5152D3DFDB}
	EndGlobalSection
	GlobalSection(ExtensibilityGlobals) = postSolution
		SolutionGuid = {8B7C0CF9-42BE-47FC-82BF-F110F282C29D}
	EndGlobalSection
EndGlobal
